
Microsoft Visual Studio Solution File, Format Version 12.00
# Visual Studio Version 16
VisualStudioVersion = 16.0.31515.178
MinimumVisualStudioVersion = 10.0.40219.1
Project("{9A19103F-16F7-4668-BE54-9A1E7A4F7556}") = "Calysto.UnitTesting", "Calysto.UnitTesting.csproj", "{21845CB7-643D-4889-8138-D83C66BA0F44}"
EndProject
Global
	GlobalSection(SolutionConfigurationPlatforms) = preSolution
		Debug|Any CPU = Debug|Any CPU
		Release|Any CPU = Release|Any CPU
	EndGlobalSection
	GlobalSection(ProjectConfigurationPlatforms) = postSolution
		{21845CB7-643D-4889-8138-D83C66BA0F44}.Debug|Any CPU.ActiveCfg = Debug|Any CPU
		{21845CB7-643D-4889-8138-D83C66BA0F44}.Debug|Any CPU.Build.0 = Debug|Any CPU
		{21845CB7-643D-4889-8138-D83C66BA0F44}.Release|Any CPU.ActiveCfg = Release|Any CPU
		{21845CB7-643D-4889-8138-D83C66BA0F44}.Release|Any CPU.Build.0 = Release|Any CPU
	EndGlobalSection
	GlobalSection(SolutionProperties) = preSolution
		HideSolutionNode = FALSE
	EndGlobalSection
	GlobalSection(ExtensibilityGlobals) = postSolution
		SolutionGuid = {5199F3F4-0D0E-4395-9916-FC0322ADE66B}
	EndGlobalSection
EndGlobal
