
Microsoft Visual Studio Solution File, Format Version 12.00
# Visual Studio Version 17
VisualStudioVersion = 17.0.31912.275
MinimumVisualStudioVersion = 10.0.40219.1
Project("{9A19103F-16F7-4668-BE54-9A1E7A4F7556}") = "Calysto.Genesis", "Calysto.Genesis\Calysto.Genesis.csproj", "{78BF3599-E3E8-4F62-BC28-7243C5AA75E1}"
EndProject
Project("{9A19103F-16F7-4668-BE54-9A1E7A4F7556}") = "Calysto.Genesis.Tests", "Calysto.GenesisTests\Calysto.Genesis.Tests.csproj", "{8D8737A9-BD72-499E-BCB0-309A3BE3D568}"
EndProject
Project("{9A19103F-16F7-4668-BE54-9A1E7A4F7556}") = "Calysto.Web", "Calysto.Web\Calysto.Web.csproj", "{4E223232-0EC0-4F17-A355-A4908C17D1FF}"
EndProject
Project("{2150E333-8FDC-42A3-9474-1A3956D46DE8}") = "Solution Items", "Solution Items", "{8B6BD1B7-5F95-45CE-8C21-2ECF6DD3AB81}"
	ProjectSection(SolutionItems) = preProject
		.editorconfig = .editorconfig
	EndProjectSection
EndProject
Project("{9A19103F-16F7-4668-BE54-9A1E7A4F7556}") = "AjaxMinDll", "..\AjaxMinCore\AjaxMinDll\AjaxMinDll.csproj", "{C5434563-2677-48AE-9DB7-9C3EC9EFD10C}"
EndProject
Project("{2150E333-8FDC-42A3-9474-1A3956D46DE8}") = "001.AjaxMin", "001.AjaxMin", "{9F050896-4107-4F6F-A48E-A168C148EE99}"
EndProject
Project("{2150E333-8FDC-42A3-9474-1A3956D46DE8}") = "Src", "Src", "{405E4C18-24D2-47CA-A80B-9E65A25B2542}"
EndProject
Project("{2150E333-8FDC-42A3-9474-1A3956D46DE8}") = "Tests", "Tests", "{6B77AB40-08E6-4EC9-A675-AFD7A1C1D36D}"
EndProject
Project("{9A19103F-16F7-4668-BE54-9A1E7A4F7556}") = "AjaxMinDllUnitTest", "..\AjaxMinCore\AjaxMinDllUnitTest\AjaxMinDllUnitTest.csproj", "{949853C3-5BF4-4555-8B62-56525A97C8A9}"
EndProject
Project("{9A19103F-16F7-4668-BE54-9A1E7A4F7556}") = "AjaxMinJSEcmasTests", "..\AjaxMinCore\JSEcmasTests\AjaxMinJSEcmasTests.csproj", "{25DAF267-A88E-4031-ABA4-226FE1B7F215}"
EndProject
Project("{9A19103F-16F7-4668-BE54-9A1E7A4F7556}") = "AjaxMinJSUnitTest", "..\AjaxMinCore\JSUnitTest\AjaxMinJSUnitTest.csproj", "{E09205EA-CF17-4993-9B6D-F3C502DB840E}"
EndProject
Project("{9A19103F-16F7-4668-BE54-9A1E7A4F7556}") = "AjaxMinExe", "..\AjaxMinCore\AjaxMinExe\AjaxMinExe.csproj", "{150FBDD3-F1BF-4B7A-9206-AF2CED6FB047}"
EndProject
Project("{9A19103F-16F7-4668-BE54-9A1E7A4F7556}") = "Calysto.UnitTesting", "..\Calysto.UnitTesting\Calysto.UnitTesting.csproj", "{C4BF2C76-0707-4728-BB25-7D677C67E42B}"
EndProject
Project("{9A19103F-16F7-4668-BE54-9A1E7A4F7556}") = "Calysto.Web.Generators", "Calysto.Web.Generators\Calysto.Web.Generators.csproj", "{2D81736D-76A4-4738-A09A-3BFA659D08D9}"
EndProject
Project("{2150E333-8FDC-42A3-9474-1A3956D46DE8}") = "010.Calysto.Genesis", "010.Calysto.Genesis", "{F3F4E17D-12E2-4957-AB6E-73B965D45A3B}"
EndProject
Project("{2150E333-8FDC-42A3-9474-1A3956D46DE8}") = "020.Calysto.Web", "020.Calysto.Web", "{EFBFC3C3-AF02-4D40-98A6-1BEEC3FF47F7}"
EndProject
Project("{2150E333-8FDC-42A3-9474-1A3956D46DE8}") = "030.Calysto.Web.Mvc", "030.Calysto.Web.Mvc", "{2B7C07A1-CF47-461E-8AD8-53955D09EFB8}"
EndProject
Project("{2150E333-8FDC-42A3-9474-1A3956D46DE8}") = "040.Calysto.Web.Forms", "040.Calysto.Web.Forms", "{4079AAF1-B390-4375-8A88-AA8170237C76}"
EndProject
Project("{2150E333-8FDC-42A3-9474-1A3956D46DE8}") = "Src", "Src", "{1CF02DC6-35C0-45F6-85DE-1B464D43659D}"
EndProject
Project("{2150E333-8FDC-42A3-9474-1A3956D46DE8}") = "Tests", "Tests", "{392ABEBD-1DE5-4424-B2AC-4FC2287F393B}"
EndProject
Project("{2150E333-8FDC-42A3-9474-1A3956D46DE8}") = "Src", "Src", "{6E39AB8C-F544-4B66-96B7-3D5C2740B3E0}"
EndProject
Project("{2150E333-8FDC-42A3-9474-1A3956D46DE8}") = "Tests", "Tests", "{C25BC88E-0303-4926-840F-C71F3B70F1B7}"
EndProject
Project("{2150E333-8FDC-42A3-9474-1A3956D46DE8}") = "Src", "Src", "{8419A936-6600-4A2B-B6A8-45B6F579BA48}"
EndProject
Project("{2150E333-8FDC-42A3-9474-1A3956D46DE8}") = "Tests", "Tests", "{CF4A5D7C-482D-4CD9-AA81-37F8E065693C}"
EndProject
Project("{2150E333-8FDC-42A3-9474-1A3956D46DE8}") = "Src", "Src", "{10DD48CF-34F0-4A69-BEA6-311BA04AF020}"
EndProject
Project("{2150E333-8FDC-42A3-9474-1A3956D46DE8}") = "Tests", "Tests", "{A06596D7-E060-4324-A1B9-7676F8768F58}"
EndProject
Project("{9A19103F-16F7-4668-BE54-9A1E7A4F7556}") = "Calysto.Web.Mvc.WebSite", "Calysto.Web.Mvc.WebSite\Calysto.Web.Mvc.WebSite.csproj", "{0BF86520-16D2-42A3-92B5-C388E8ACA3C8}"
EndProject
Project("{9A19103F-16F7-4668-BE54-9A1E7A4F7556}") = "Calysto.Web.Mvc.WebSiteGenerators", "Calysto.Web.Mvc.WebSiteGenerators\CalystoWebSiteGenerators\Calysto.Web.Mvc.WebSiteGenerators.csproj", "{B5C05D51-4941-4BD2-9718-BC3B12359223}"
EndProject
Project("{9A19103F-16F7-4668-BE54-9A1E7A4F7556}") = "Calysto.Web.Mvc.WebSiteTests", "Calysto.Web.Mvc.WebSiteTests\Calysto.Web.Mvc.WebSiteTests.csproj", "{DECA0218-C38A-41E1-B25D-A010A3CA56C0}"
EndProject
Project("{FAE04EC0-301F-11D3-BF4B-00C04F79EFBC}") = "Calysto.Web.Forms.WebSite", "Calysto.Web.Forms.WebSite\Calysto.Web.Forms.WebSite.csproj", "{0B3E3DDF-72C1-4562-A891-1A921E214153}"
EndProject
Project("{9A19103F-16F7-4668-BE54-9A1E7A4F7556}") = "Calysto.Web.Mvc", "Calysto.Web.Mvc\Calysto.Web.Mvc.csproj", "{4B2B3255-3500-4A5B-9D1C-8B966332F095}"
EndProject
Project("{FAE04EC0-301F-11D3-BF4B-00C04F79EFBC}") = "Calysto.Web.Forms", "Calysto.Web.Forms\Calysto.Web.Forms.csproj", "{11EB5907-1466-4EAF-B908-5A3DB8AE8D14}"
EndProject
Project("{FAE04EC0-301F-11D3-BF4B-00C04F79EFBC}") = "Calysto.Web.Forms.WebSiteGenerators", "Calysto.Web.Forms.WebSiteGenerators\Calysto.Web.Forms.WebSiteGenerators.csproj", "{BB99FE3A-B202-4856-91A8-485BF3C02BD9}"
EndProject
Project("{9A19103F-16F7-4668-BE54-9A1E7A4F7556}") = "Calysto.Web.Mvc.Tests", "Calysto.Web.Mvc.Tests\Calysto.Web.Mvc.Tests.csproj", "{7C063902-497E-41FE-A8E2-F8B54E630B69}"
EndProject
Project("{9A19103F-16F7-4668-BE54-9A1E7A4F7556}") = "Calysto.Web.WinForm", "Calysto.Web.WinForm\Calysto.Web.WinForm.csproj", "{7464276D-261E-4709-ADFF-A56A71458544}"
EndProject
Project("{FAE04EC0-301F-11D3-BF4B-00C04F79EFBC}") = "AjaxMinDllNet45", "..\AjaxMinCore\AjaxMinDllNet45\AjaxMinDllNet45.csproj", "{9B03EFFF-1D28-4401-9D42-DAC1F5A30C9F}"
EndProject
Project("{9A19103F-16F7-4668-BE54-9A1E7A4F7556}") = "Calysto.GenesisTests.Generators", "Calysto.GenesisTests.Generators\Calysto.GenesisTests.Generators.csproj", "{C66B41D7-D38D-4E76-8BA3-5BCB43A54152}"
EndProject
Project("{2150E333-8FDC-42A3-9474-1A3956D46DE8}") = "028.CalystoBlazorWasmClient", "028.CalystoBlazorWasmClient", "{3573F99D-B2B4-4D4B-A933-947865ECCEB6}"
EndProject
Project("{2150E333-8FDC-42A3-9474-1A3956D46DE8}") = "Src", "Src", "{1B7B18B8-E0DE-4300-ACC6-13C2098D1C2D}"
EndProject
Project("{9A19103F-16F7-4668-BE54-9A1E7A4F7556}") = "CalystoBlazorWasm.Client", "CalystoBlazorWasm\Client\CalystoBlazorWasm.Client.csproj", "{EF151C1C-AB81-439E-BB9C-E42B5F4F1C33}"
EndProject
Project("{2150E333-8FDC-42A3-9474-1A3956D46DE8}") = "025.CalystoDataShared", "025.CalystoDataShared", "{CC17D58D-0BE5-4376-8443-8545ACD5C865}"
EndProject
Project("{2150E333-8FDC-42A3-9474-1A3956D46DE8}") = "Src", "Src", "{DC892605-CC61-47EA-B36D-505FF504F762}"
EndProject
Project("{9A19103F-16F7-4668-BE54-9A1E7A4F7556}") = "CalystoDataShared", "CalystoDataShared\CalystoDataShared.csproj", "{F64A1532-37A3-4B68-927A-6D6B77C8B321}"
EndProject
Project("{2150E333-8FDC-42A3-9474-1A3956D46DE8}") = "018.Calysto.Blazor", "018.Calysto.Blazor", "{335BAB25-753E-4953-92AD-0F4F3496E3CF}"
EndProject
Project("{2150E333-8FDC-42A3-9474-1A3956D46DE8}") = "Src", "Src", "{A2282720-A8FC-4561-9DCD-D25F18B49620}"
EndProject
Project("{9A19103F-16F7-4668-BE54-9A1E7A4F7556}") = "Calysto.Blazor", "CalystoBlazor\Calysto.Blazor.csproj", "{FB175310-4590-427D-BFE5-97E5A3C9CFCE}"
EndProject
Project("{2150E333-8FDC-42A3-9474-1A3956D46DE8}") = "SrcWebSite", "SrcWebSite", "{6AA9AC03-0A10-486E-A8E3-DE534AD35E94}"
EndProject
Project("{2150E333-8FDC-42A3-9474-1A3956D46DE8}") = "SrcWebSite", "SrcWebSite", "{3588D5AC-B9AE-49B7-80C5-77772D1EA1B4}"
EndProject
Global
	GlobalSection(SolutionConfigurationPlatforms) = preSolution
		Debug|Any CPU = Debug|Any CPU
		Release|Any CPU = Release|Any CPU
		TddSpecific|Any CPU = TddSpecific|Any CPU
	EndGlobalSection
	GlobalSection(ProjectConfigurationPlatforms) = postSolution
		{78BF3599-E3E8-4F62-BC28-7243C5AA75E1}.Debug|Any CPU.ActiveCfg = Debug|Any CPU
		{78BF3599-E3E8-4F62-BC28-7243C5AA75E1}.Debug|Any CPU.Build.0 = Debug|Any CPU
		{78BF3599-E3E8-4F62-BC28-7243C5AA75E1}.Release|Any CPU.ActiveCfg = Release|Any CPU
		{78BF3599-E3E8-4F62-BC28-7243C5AA75E1}.Release|Any CPU.Build.0 = Release|Any CPU
		{78BF3599-E3E8-4F62-BC28-7243C5AA75E1}.TddSpecific|Any CPU.ActiveCfg = Release|Any CPU
		{78BF3599-E3E8-4F62-BC28-7243C5AA75E1}.TddSpecific|Any CPU.Build.0 = Release|Any CPU
		{8D8737A9-BD72-499E-BCB0-309A3BE3D568}.Debug|Any CPU.ActiveCfg = Debug|Any CPU
		{8D8737A9-BD72-499E-BCB0-309A3BE3D568}.Debug|Any CPU.Build.0 = Debug|Any CPU
		{8D8737A9-BD72-499E-BCB0-309A3BE3D568}.Release|Any CPU.ActiveCfg = Release|Any CPU
		{8D8737A9-BD72-499E-BCB0-309A3BE3D568}.Release|Any CPU.Build.0 = Release|Any CPU
		{8D8737A9-BD72-499E-BCB0-309A3BE3D568}.TddSpecific|Any CPU.ActiveCfg = TddSpecific|Any CPU
		{8D8737A9-BD72-499E-BCB0-309A3BE3D568}.TddSpecific|Any CPU.Build.0 = TddSpecific|Any CPU
		{4E223232-0EC0-4F17-A355-A4908C17D1FF}.Debug|Any CPU.ActiveCfg = Debug|Any CPU
		{4E223232-0EC0-4F17-A355-A4908C17D1FF}.Debug|Any CPU.Build.0 = Debug|Any CPU
		{4E223232-0EC0-4F17-A355-A4908C17D1FF}.Release|Any CPU.ActiveCfg = Release|Any CPU
		{4E223232-0EC0-4F17-A355-A4908C17D1FF}.Release|Any CPU.Build.0 = Release|Any CPU
		{4E223232-0EC0-4F17-A355-A4908C17D1FF}.TddSpecific|Any CPU.ActiveCfg = Release|Any CPU
		{4E223232-0EC0-4F17-A355-A4908C17D1FF}.TddSpecific|Any CPU.Build.0 = Release|Any CPU
		{C5434563-2677-48AE-9DB7-9C3EC9EFD10C}.Debug|Any CPU.ActiveCfg = Debug|Any CPU
		{C5434563-2677-48AE-9DB7-9C3EC9EFD10C}.Debug|Any CPU.Build.0 = Debug|Any CPU
		{C5434563-2677-48AE-9DB7-9C3EC9EFD10C}.Release|Any CPU.ActiveCfg = Release|Any CPU
		{C5434563-2677-48AE-9DB7-9C3EC9EFD10C}.Release|Any CPU.Build.0 = Release|Any CPU
		{C5434563-2677-48AE-9DB7-9C3EC9EFD10C}.TddSpecific|Any CPU.ActiveCfg = Release|Any CPU
		{C5434563-2677-48AE-9DB7-9C3EC9EFD10C}.TddSpecific|Any CPU.Build.0 = Release|Any CPU
		{949853C3-5BF4-4555-8B62-56525A97C8A9}.Debug|Any CPU.ActiveCfg = Debug|Any CPU
		{949853C3-5BF4-4555-8B62-56525A97C8A9}.Debug|Any CPU.Build.0 = Debug|Any CPU
		{949853C3-5BF4-4555-8B62-56525A97C8A9}.Release|Any CPU.ActiveCfg = Release|Any CPU
		{949853C3-5BF4-4555-8B62-56525A97C8A9}.Release|Any CPU.Build.0 = Release|Any CPU
		{949853C3-5BF4-4555-8B62-56525A97C8A9}.TddSpecific|Any CPU.ActiveCfg = Release|Any CPU
		{949853C3-5BF4-4555-8B62-56525A97C8A9}.TddSpecific|Any CPU.Build.0 = Release|Any CPU
		{25DAF267-A88E-4031-ABA4-226FE1B7F215}.Debug|Any CPU.ActiveCfg = Debug|Any CPU
		{25DAF267-A88E-4031-ABA4-226FE1B7F215}.Debug|Any CPU.Build.0 = Debug|Any CPU
		{25DAF267-A88E-4031-ABA4-226FE1B7F215}.Release|Any CPU.ActiveCfg = Release|Any CPU
		{25DAF267-A88E-4031-ABA4-226FE1B7F215}.Release|Any CPU.Build.0 = Release|Any CPU
		{25DAF267-A88E-4031-ABA4-226FE1B7F215}.TddSpecific|Any CPU.ActiveCfg = Release|Any CPU
		{25DAF267-A88E-4031-ABA4-226FE1B7F215}.TddSpecific|Any CPU.Build.0 = Release|Any CPU
		{E09205EA-CF17-4993-9B6D-F3C502DB840E}.Debug|Any CPU.ActiveCfg = Debug|Any CPU
		{E09205EA-CF17-4993-9B6D-F3C502DB840E}.Debug|Any CPU.Build.0 = Debug|Any CPU
		{E09205EA-CF17-4993-9B6D-F3C502DB840E}.Release|Any CPU.ActiveCfg = Release|Any CPU
		{E09205EA-CF17-4993-9B6D-F3C502DB840E}.Release|Any CPU.Build.0 = Release|Any CPU
		{E09205EA-CF17-4993-9B6D-F3C502DB840E}.TddSpecific|Any CPU.ActiveCfg = Release|Any CPU
		{E09205EA-CF17-4993-9B6D-F3C502DB840E}.TddSpecific|Any CPU.Build.0 = Release|Any CPU
		{150FBDD3-F1BF-4B7A-9206-AF2CED6FB047}.Debug|Any CPU.ActiveCfg = Debug|Any CPU
		{150FBDD3-F1BF-4B7A-9206-AF2CED6FB047}.Debug|Any CPU.Build.0 = Debug|Any CPU
		{150FBDD3-F1BF-4B7A-9206-AF2CED6FB047}.Release|Any CPU.ActiveCfg = Release|Any CPU
		{150FBDD3-F1BF-4B7A-9206-AF2CED6FB047}.Release|Any CPU.Build.0 = Release|Any CPU
		{150FBDD3-F1BF-4B7A-9206-AF2CED6FB047}.TddSpecific|Any CPU.ActiveCfg = Release|Any CPU
		{150FBDD3-F1BF-4B7A-9206-AF2CED6FB047}.TddSpecific|Any CPU.Build.0 = Release|Any CPU
		{C4BF2C76-0707-4728-BB25-7D677C67E42B}.Debug|Any CPU.ActiveCfg = Debug|Any CPU
		{C4BF2C76-0707-4728-BB25-7D677C67E42B}.Debug|Any CPU.Build.0 = Debug|Any CPU
		{C4BF2C76-0707-4728-BB25-7D677C67E42B}.Release|Any CPU.ActiveCfg = Release|Any CPU
		{C4BF2C76-0707-4728-BB25-7D677C67E42B}.Release|Any CPU.Build.0 = Release|Any CPU
		{C4BF2C76-0707-4728-BB25-7D677C67E42B}.TddSpecific|Any CPU.ActiveCfg = Release|Any CPU
		{C4BF2C76-0707-4728-BB25-7D677C67E42B}.TddSpecific|Any CPU.Build.0 = Release|Any CPU
		{2D81736D-76A4-4738-A09A-3BFA659D08D9}.Debug|Any CPU.ActiveCfg = Debug|Any CPU
		{2D81736D-76A4-4738-A09A-3BFA659D08D9}.Debug|Any CPU.Build.0 = Debug|Any CPU
		{2D81736D-76A4-4738-A09A-3BFA659D08D9}.Release|Any CPU.ActiveCfg = Release|Any CPU
		{2D81736D-76A4-4738-A09A-3BFA659D08D9}.Release|Any CPU.Build.0 = Release|Any CPU
		{2D81736D-76A4-4738-A09A-3BFA659D08D9}.TddSpecific|Any CPU.ActiveCfg = Release|Any CPU
		{2D81736D-76A4-4738-A09A-3BFA659D08D9}.TddSpecific|Any CPU.Build.0 = Release|Any CPU
		{0BF86520-16D2-42A3-92B5-C388E8ACA3C8}.Debug|Any CPU.ActiveCfg = Debug|Any CPU
		{0BF86520-16D2-42A3-92B5-C388E8ACA3C8}.Debug|Any CPU.Build.0 = Debug|Any CPU
		{0BF86520-16D2-42A3-92B5-C388E8ACA3C8}.Release|Any CPU.ActiveCfg = Release|Any CPU
		{0BF86520-16D2-42A3-92B5-C388E8ACA3C8}.Release|Any CPU.Build.0 = Release|Any CPU
		{0BF86520-16D2-42A3-92B5-C388E8ACA3C8}.TddSpecific|Any CPU.ActiveCfg = Debug|Any CPU
		{0BF86520-16D2-42A3-92B5-C388E8ACA3C8}.TddSpecific|Any CPU.Build.0 = Debug|Any CPU
		{B5C05D51-4941-4BD2-9718-BC3B12359223}.Debug|Any CPU.ActiveCfg = Debug|Any CPU
		{B5C05D51-4941-4BD2-9718-BC3B12359223}.Debug|Any CPU.Build.0 = Debug|Any CPU
		{B5C05D51-4941-4BD2-9718-BC3B12359223}.Release|Any CPU.ActiveCfg = Release|Any CPU
		{B5C05D51-4941-4BD2-9718-BC3B12359223}.Release|Any CPU.Build.0 = Release|Any CPU
		{B5C05D51-4941-4BD2-9718-BC3B12359223}.TddSpecific|Any CPU.ActiveCfg = Debug|Any CPU
		{B5C05D51-4941-4BD2-9718-BC3B12359223}.TddSpecific|Any CPU.Build.0 = Debug|Any CPU
		{DECA0218-C38A-41E1-B25D-A010A3CA56C0}.Debug|Any CPU.ActiveCfg = Debug|Any CPU
		{DECA0218-C38A-41E1-B25D-A010A3CA56C0}.Debug|Any CPU.Build.0 = Debug|Any CPU
		{DECA0218-C38A-41E1-B25D-A010A3CA56C0}.Release|Any CPU.ActiveCfg = Release|Any CPU
		{DECA0218-C38A-41E1-B25D-A010A3CA56C0}.Release|Any CPU.Build.0 = Release|Any CPU
		{DECA0218-C38A-41E1-B25D-A010A3CA56C0}.TddSpecific|Any CPU.ActiveCfg = Debug|Any CPU
		{DECA0218-C38A-41E1-B25D-A010A3CA56C0}.TddSpecific|Any CPU.Build.0 = Debug|Any CPU
		{0B3E3DDF-72C1-4562-A891-1A921E214153}.Debug|Any CPU.ActiveCfg = Debug|Any CPU
		{0B3E3DDF-72C1-4562-A891-1A921E214153}.Debug|Any CPU.Build.0 = Debug|Any CPU
		{0B3E3DDF-72C1-4562-A891-1A921E214153}.Release|Any CPU.ActiveCfg = Release|Any CPU
		{0B3E3DDF-72C1-4562-A891-1A921E214153}.Release|Any CPU.Build.0 = Release|Any CPU
		{0B3E3DDF-72C1-4562-A891-1A921E214153}.TddSpecific|Any CPU.ActiveCfg = Debug|Any CPU
		{0B3E3DDF-72C1-4562-A891-1A921E214153}.TddSpecific|Any CPU.Build.0 = Debug|Any CPU
		{4B2B3255-3500-4A5B-9D1C-8B966332F095}.Debug|Any CPU.ActiveCfg = Debug|Any CPU
		{4B2B3255-3500-4A5B-9D1C-8B966332F095}.Debug|Any CPU.Build.0 = Debug|Any CPU
		{4B2B3255-3500-4A5B-9D1C-8B966332F095}.Release|Any CPU.ActiveCfg = Release|Any CPU
		{4B2B3255-3500-4A5B-9D1C-8B966332F095}.Release|Any CPU.Build.0 = Release|Any CPU
		{4B2B3255-3500-4A5B-9D1C-8B966332F095}.TddSpecific|Any CPU.ActiveCfg = Debug|Any CPU
		{4B2B3255-3500-4A5B-9D1C-8B966332F095}.TddSpecific|Any CPU.Build.0 = Debug|Any CPU
		{11EB5907-1466-4EAF-B908-5A3DB8AE8D14}.Debug|Any CPU.ActiveCfg = Debug|Any CPU
		{11EB5907-1466-4EAF-B908-5A3DB8AE8D14}.Debug|Any CPU.Build.0 = Debug|Any CPU
		{11EB5907-1466-4EAF-B908-5A3DB8AE8D14}.Release|Any CPU.ActiveCfg = Release|Any CPU
		{11EB5907-1466-4EAF-B908-5A3DB8AE8D14}.Release|Any CPU.Build.0 = Release|Any CPU
		{11EB5907-1466-4EAF-B908-5A3DB8AE8D14}.TddSpecific|Any CPU.ActiveCfg = Debug|Any CPU
		{11EB5907-1466-4EAF-B908-5A3DB8AE8D14}.TddSpecific|Any CPU.Build.0 = Debug|Any CPU
		{BB99FE3A-B202-4856-91A8-485BF3C02BD9}.Debug|Any CPU.ActiveCfg = Debug|Any CPU
		{BB99FE3A-B202-4856-91A8-485BF3C02BD9}.Debug|Any CPU.Build.0 = Debug|Any CPU
		{BB99FE3A-B202-4856-91A8-485BF3C02BD9}.Release|Any CPU.ActiveCfg = Release|Any CPU
		{BB99FE3A-B202-4856-91A8-485BF3C02BD9}.Release|Any CPU.Build.0 = Release|Any CPU
		{BB99FE3A-B202-4856-91A8-485BF3C02BD9}.TddSpecific|Any CPU.ActiveCfg = Debug|Any CPU
		{BB99FE3A-B202-4856-91A8-485BF3C02BD9}.TddSpecific|Any CPU.Build.0 = Debug|Any CPU
		{7C063902-497E-41FE-A8E2-F8B54E630B69}.Debug|Any CPU.ActiveCfg = Debug|Any CPU
		{7C063902-497E-41FE-A8E2-F8B54E630B69}.Debug|Any CPU.Build.0 = Debug|Any CPU
		{7C063902-497E-41FE-A8E2-F8B54E630B69}.Release|Any CPU.ActiveCfg = Release|Any CPU
		{7C063902-497E-41FE-A8E2-F8B54E630B69}.Release|Any CPU.Build.0 = Release|Any CPU
		{7C063902-497E-41FE-A8E2-F8B54E630B69}.TddSpecific|Any CPU.ActiveCfg = Debug|Any CPU
		{7C063902-497E-41FE-A8E2-F8B54E630B69}.TddSpecific|Any CPU.Build.0 = Debug|Any CPU
		{7464276D-261E-4709-ADFF-A56A71458544}.Debug|Any CPU.ActiveCfg = Debug|Any CPU
		{7464276D-261E-4709-ADFF-A56A71458544}.Debug|Any CPU.Build.0 = Debug|Any CPU
		{7464276D-261E-4709-ADFF-A56A71458544}.Release|Any CPU.ActiveCfg = Release|Any CPU
		{7464276D-261E-4709-ADFF-A56A71458544}.Release|Any CPU.Build.0 = Release|Any CPU
		{7464276D-261E-4709-ADFF-A56A71458544}.TddSpecific|Any CPU.ActiveCfg = Debug|Any CPU
		{7464276D-261E-4709-ADFF-A56A71458544}.TddSpecific|Any CPU.Build.0 = Debug|Any CPU
		{9B03EFFF-1D28-4401-9D42-DAC1F5A30C9F}.Debug|Any CPU.ActiveCfg = Debug|Any CPU
		{9B03EFFF-1D28-4401-9D42-DAC1F5A30C9F}.Debug|Any CPU.Build.0 = Debug|Any CPU
		{9B03EFFF-1D28-4401-9D42-DAC1F5A30C9F}.Release|Any CPU.ActiveCfg = Release|Any CPU
		{9B03EFFF-1D28-4401-9D42-DAC1F5A30C9F}.Release|Any CPU.Build.0 = Release|Any CPU
		{9B03EFFF-1D28-4401-9D42-DAC1F5A30C9F}.TddSpecific|Any CPU.ActiveCfg = Debug|Any CPU
		{9B03EFFF-1D28-4401-9D42-DAC1F5A30C9F}.TddSpecific|Any CPU.Build.0 = Debug|Any CPU
		{C66B41D7-D38D-4E76-8BA3-5BCB43A54152}.Debug|Any CPU.ActiveCfg = Debug|Any CPU
		{C66B41D7-D38D-4E76-8BA3-5BCB43A54152}.Debug|Any CPU.Build.0 = Debug|Any CPU
		{C66B41D7-D38D-4E76-8BA3-5BCB43A54152}.Release|Any CPU.ActiveCfg = Release|Any CPU
		{C66B41D7-D38D-4E76-8BA3-5BCB43A54152}.Release|Any CPU.Build.0 = Release|Any CPU
		{C66B41D7-D38D-4E76-8BA3-5BCB43A54152}.TddSpecific|Any CPU.ActiveCfg = Debug|Any CPU
		{C66B41D7-D38D-4E76-8BA3-5BCB43A54152}.TddSpecific|Any CPU.Build.0 = Debug|Any CPU
		{EF151C1C-AB81-439E-BB9C-E42B5F4F1C33}.Debug|Any CPU.ActiveCfg = Debug|Any CPU
		{EF151C1C-AB81-439E-BB9C-E42B5F4F1C33}.Debug|Any CPU.Build.0 = Debug|Any CPU
		{EF151C1C-AB81-439E-BB9C-E42B5F4F1C33}.Release|Any CPU.ActiveCfg = Release|Any CPU
		{EF151C1C-AB81-439E-BB9C-E42B5F4F1C33}.Release|Any CPU.Build.0 = Release|Any CPU
		{EF151C1C-AB81-439E-BB9C-E42B5F4F1C33}.TddSpecific|Any CPU.ActiveCfg = Debug|Any CPU
		{EF151C1C-AB81-439E-BB9C-E42B5F4F1C33}.TddSpecific|Any CPU.Build.0 = Debug|Any CPU
		{F64A1532-37A3-4B68-927A-6D6B77C8B321}.Debug|Any CPU.ActiveCfg = Debug|Any CPU
		{F64A1532-37A3-4B68-927A-6D6B77C8B321}.Debug|Any CPU.Build.0 = Debug|Any CPU
		{F64A1532-37A3-4B68-927A-6D6B77C8B321}.Release|Any CPU.ActiveCfg = Release|Any CPU
		{F64A1532-37A3-4B68-927A-6D6B77C8B321}.Release|Any CPU.Build.0 = Release|Any CPU
		{F64A1532-37A3-4B68-927A-6D6B77C8B321}.TddSpecific|Any CPU.ActiveCfg = Debug|Any CPU
		{F64A1532-37A3-4B68-927A-6D6B77C8B321}.TddSpecific|Any CPU.Build.0 = Debug|Any CPU
		{FB175310-4590-427D-BFE5-97E5A3C9CFCE}.Debug|Any CPU.ActiveCfg = Debug|Any CPU
		{FB175310-4590-427D-BFE5-97E5A3C9CFCE}.Debug|Any CPU.Build.0 = Debug|Any CPU
		{FB175310-4590-427D-BFE5-97E5A3C9CFCE}.Release|Any CPU.ActiveCfg = Release|Any CPU
		{FB175310-4590-427D-BFE5-97E5A3C9CFCE}.Release|Any CPU.Build.0 = Release|Any CPU
		{FB175310-4590-427D-BFE5-97E5A3C9CFCE}.TddSpecific|Any CPU.ActiveCfg = Debug|Any CPU
		{FB175310-4590-427D-BFE5-97E5A3C9CFCE}.TddSpecific|Any CPU.Build.0 = Debug|Any CPU
	EndGlobalSection
	GlobalSection(SolutionProperties) = preSolution
		HideSolutionNode = FALSE
	EndGlobalSection
	GlobalSection(NestedProjects) = preSolution
		{78BF3599-E3E8-4F62-BC28-7243C5AA75E1} = {1CF02DC6-35C0-45F6-85DE-1B464D43659D}
		{8D8737A9-BD72-499E-BCB0-309A3BE3D568} = {392ABEBD-1DE5-4424-B2AC-4FC2287F393B}
		{4E223232-0EC0-4F17-A355-A4908C17D1FF} = {6E39AB8C-F544-4B66-96B7-3D5C2740B3E0}
		{C5434563-2677-48AE-9DB7-9C3EC9EFD10C} = {405E4C18-24D2-47CA-A80B-9E65A25B2542}
		{405E4C18-24D2-47CA-A80B-9E65A25B2542} = {9F050896-4107-4F6F-A48E-A168C148EE99}
		{6B77AB40-08E6-4EC9-A675-AFD7A1C1D36D} = {9F050896-4107-4F6F-A48E-A168C148EE99}
		{949853C3-5BF4-4555-8B62-56525A97C8A9} = {6B77AB40-08E6-4EC9-A675-AFD7A1C1D36D}
		{25DAF267-A88E-4031-ABA4-226FE1B7F215} = {6B77AB40-08E6-4EC9-A675-AFD7A1C1D36D}
		{E09205EA-CF17-4993-9B6D-F3C502DB840E} = {6B77AB40-08E6-4EC9-A675-AFD7A1C1D36D}
		{150FBDD3-F1BF-4B7A-9206-AF2CED6FB047} = {6B77AB40-08E6-4EC9-A675-AFD7A1C1D36D}
		{C4BF2C76-0707-4728-BB25-7D677C67E42B} = {1CF02DC6-35C0-45F6-85DE-1B464D43659D}
		{2D81736D-76A4-4738-A09A-3BFA659D08D9} = {6E39AB8C-F544-4B66-96B7-3D5C2740B3E0}
		{1CF02DC6-35C0-45F6-85DE-1B464D43659D} = {F3F4E17D-12E2-4957-AB6E-73B965D45A3B}
		{392ABEBD-1DE5-4424-B2AC-4FC2287F393B} = {F3F4E17D-12E2-4957-AB6E-73B965D45A3B}
		{6E39AB8C-F544-4B66-96B7-3D5C2740B3E0} = {EFBFC3C3-AF02-4D40-98A6-1BEEC3FF47F7}
		{C25BC88E-0303-4926-840F-C71F3B70F1B7} = {EFBFC3C3-AF02-4D40-98A6-1BEEC3FF47F7}
		{8419A936-6600-4A2B-B6A8-45B6F579BA48} = {2B7C07A1-CF47-461E-8AD8-53955D09EFB8}
		{CF4A5D7C-482D-4CD9-AA81-37F8E065693C} = {2B7C07A1-CF47-461E-8AD8-53955D09EFB8}
		{10DD48CF-34F0-4A69-BEA6-311BA04AF020} = {4079AAF1-B390-4375-8A88-AA8170237C76}
		{A06596D7-E060-4324-A1B9-7676F8768F58} = {4079AAF1-B390-4375-8A88-AA8170237C76}
		{0BF86520-16D2-42A3-92B5-C388E8ACA3C8} = {6AA9AC03-0A10-486E-A8E3-DE534AD35E94}
		{B5C05D51-4941-4BD2-9718-BC3B12359223} = {6AA9AC03-0A10-486E-A8E3-DE534AD35E94}
		{DECA0218-C38A-41E1-B25D-A010A3CA56C0} = {CF4A5D7C-482D-4CD9-AA81-37F8E065693C}
		{0B3E3DDF-72C1-4562-A891-1A921E214153} = {3588D5AC-B9AE-49B7-80C5-77772D1EA1B4}
		{4B2B3255-3500-4A5B-9D1C-8B966332F095} = {8419A936-6600-4A2B-B6A8-45B6F579BA48}
		{11EB5907-1466-4EAF-B908-5A3DB8AE8D14} = {10DD48CF-34F0-4A69-BEA6-311BA04AF020}
		{BB99FE3A-B202-4856-91A8-485BF3C02BD9} = {3588D5AC-B9AE-49B7-80C5-77772D1EA1B4}
		{7C063902-497E-41FE-A8E2-F8B54E630B69} = {CF4A5D7C-482D-4CD9-AA81-37F8E065693C}
		{7464276D-261E-4709-ADFF-A56A71458544} = {6E39AB8C-F544-4B66-96B7-3D5C2740B3E0}
		{9B03EFFF-1D28-4401-9D42-DAC1F5A30C9F} = {405E4C18-24D2-47CA-A80B-9E65A25B2542}
		{C66B41D7-D38D-4E76-8BA3-5BCB43A54152} = {392ABEBD-1DE5-4424-B2AC-4FC2287F393B}
		{1B7B18B8-E0DE-4300-ACC6-13C2098D1C2D} = {3573F99D-B2B4-4D4B-A933-947865ECCEB6}
		{EF151C1C-AB81-439E-BB9C-E42B5F4F1C33} = {1B7B18B8-E0DE-4300-ACC6-13C2098D1C2D}
		{DC892605-CC61-47EA-B36D-505FF504F762} = {CC17D58D-0BE5-4376-8443-8545ACD5C865}
		{F64A1532-37A3-4B68-927A-6D6B77C8B321} = {DC892605-CC61-47EA-B36D-505FF504F762}
		{A2282720-A8FC-4561-9DCD-D25F18B49620} = {335BAB25-753E-4953-92AD-0F4F3496E3CF}
		{FB175310-4590-427D-BFE5-97E5A3C9CFCE} = {A2282720-A8FC-4561-9DCD-D25F18B49620}
		{6AA9AC03-0A10-486E-A8E3-DE534AD35E94} = {2B7C07A1-CF47-461E-8AD8-53955D09EFB8}
		{3588D5AC-B9AE-49B7-80C5-77772D1EA1B4} = {4079AAF1-B390-4375-8A88-AA8170237C76}
	EndGlobalSection
	GlobalSection(ExtensibilityGlobals) = postSolution
		SolutionGuid = {2689A5CD-5685-4D81-BCDE-3AC3EC3BA80C}
	EndGlobalSection
EndGlobal
