
Microsoft Visual Studio Solution File, Format Version 12.00
# Visual Studio Version 16
VisualStudioVersion = 16.0.31515.178
MinimumVisualStudioVersion = 10.0.40219.1
Project("{FAE04EC0-301F-11D3-BF4B-00C04F79EFBC}") = "Calysto.Wpf", "Calysto.Wpf\Calysto.Wpf.csproj", "{4025C77C-C1A3-4ED0-9E46-C7F99BAE1682}"
EndProject
Global
	GlobalSection(SolutionConfigurationPlatforms) = preSolution
		Debug|Any CPU = Debug|Any CPU
		Release|Any CPU = Release|Any CPU
	EndGlobalSection
	GlobalSection(ProjectConfigurationPlatforms) = postSolution
		{4025C77C-C1A3-4ED0-9E46-C7F99BAE1682}.Debug|Any CPU.ActiveCfg = Debug|Any CPU
		{4025C77C-C1A3-4ED0-9E46-C7F99BAE1682}.Debug|Any CPU.Build.0 = Debug|Any CPU
		{4025C77C-C1A3-4ED0-9E46-C7F99BAE1682}.Release|Any CPU.ActiveCfg = Release|Any CPU
		{4025C77C-C1A3-4ED0-9E46-C7F99BAE1682}.Release|Any CPU.Build.0 = Release|Any CPU
	EndGlobalSection
	GlobalSection(SolutionProperties) = preSolution
		HideSolutionNode = FALSE
	EndGlobalSection
	GlobalSection(ExtensibilityGlobals) = postSolution
		SolutionGuid = {DA55DB1B-4439-433C-BFFF-73917CA8BD0B}
	EndGlobalSection
EndGlobal
